
Microsoft Visual Studio Solution File, Format Version 12.00
# Visual Studio Version 17
VisualStudioVersion = 17.14.36301.6 d17.14
MinimumVisualStudioVersion = 10.0.40219.1
Project("{FAE04EC0-301F-11D3-BF4B-00C04F79EFBC}") = "TraineeTracker", "TraineeTracker\TraineeTracker.csproj", "{EB01C617-129E-4967-8BC0-D0E920E004F9}"
EndProject
Project("{FAE04EC0-301F-11D3-BF4B-00C04F79EFBC}") = "TraineeTracker.Tests", "TraineeTracker.Tests\TraineeTracker.Tests.csproj", "{DE65B677-A578-4F99-B580-117AA42FD42A}"
EndProject
Global
	GlobalSection(SolutionConfigurationPlatforms) = preSolution
		Debug|Any CPU = Debug|Any CPU
		Release|Any CPU = Release|Any CPU
	EndGlobalSection
	GlobalSection(ProjectConfigurationPlatforms) = postSolution
		{EB01C617-129E-4967-8BC0-D0E920E004F9}.Debug|Any CPU.ActiveCfg = Debug|Any CPU
		{EB01C617-129E-4967-8BC0-D0E920E004F9}.Debug|Any CPU.Build.0 = Debug|Any CPU
		{EB01C617-129E-4967-8BC0-D0E920E004F9}.Release|Any CPU.ActiveCfg = Release|Any CPU
		{EB01C617-129E-4967-8BC0-D0E920E004F9}.Release|Any CPU.Build.0 = Release|Any CPU
		{DE65B677-A578-4F99-B580-117AA42FD42A}.Debug|Any CPU.ActiveCfg = Debug|Any CPU
		{DE65B677-A578-4F99-B580-117AA42FD42A}.Debug|Any CPU.Build.0 = Debug|Any CPU
		{DE65B677-A578-4F99-B580-117AA42FD42A}.Release|Any CPU.ActiveCfg = Release|Any CPU
		{DE65B677-A578-4F99-B580-117AA42FD42A}.Release|Any CPU.Build.0 = Release|Any CPU
	EndGlobalSection
	GlobalSection(SolutionProperties) = preSolution
		HideSolutionNode = FALSE
	EndGlobalSection
	GlobalSection(ExtensibilityGlobals) = postSolution
		SolutionGuid = {5A21A55E-25F4-427E-92A2-12CB2C2227FB}
	EndGlobalSection
EndGlobal
